
Microsoft Visual Studio Solution File, Format Version 12.00
# Visual Studio Version 16
VisualStudioVersion = 16.0.30204.135
MinimumVisualStudioVersion = 10.0.40219.1
Project("{FAE04EC0-301F-11D3-BF4B-00C04F79EFBC}") = "TP1Xa.UWP", "TP1Xa\TP1Xa.UWP\TP1Xa.UWP.csproj", "{B41C21D4-8ECB-4D42-91ED-3F50434D6E8C}"
EndProject
Project("{FAE04EC0-301F-11D3-BF4B-00C04F79EFBC}") = "TP1Xa.Android", "TP1Xa\TP1Xa.Android\TP1Xa.Android.csproj", "{E17119C5-1954-4602-88F7-49763B286985}"
EndProject
Project("{FAE04EC0-301F-11D3-BF4B-00C04F79EFBC}") = "TP1Xa.iOS", "TP1Xa\TP1Xa.iOS\TP1Xa.iOS.csproj", "{07990F1F-A7E7-4528-8528-9E26AAA777E0}"
EndProject
Project("{FAE04EC0-301F-11D3-BF4B-00C04F79EFBC}") = "TP1Xa", "TP1Xa\TP1Xa\TP1Xa.csproj", "{D7FFB169-3A26-4C9C-B9E3-1F9DDD569DC6}"
EndProject
Global
	GlobalSection(SolutionConfigurationPlatforms) = preSolution
		Debug|Any CPU = Debug|Any CPU
		Debug|ARM = Debug|ARM
		Debug|iPhone = Debug|iPhone
		Debug|iPhoneSimulator = Debug|iPhoneSimulator
		Debug|x64 = Debug|x64
		Debug|x86 = Debug|x86
		Release|Any CPU = Release|Any CPU
		Release|ARM = Release|ARM
		Release|iPhone = Release|iPhone
		Release|iPhoneSimulator = Release|iPhoneSimulator
		Release|x64 = Release|x64
		Release|x86 = Release|x86
	EndGlobalSection
	GlobalSection(ProjectConfigurationPlatforms) = postSolution
		{B41C21D4-8ECB-4D42-91ED-3F50434D6E8C}.Debug|Any CPU.ActiveCfg = Debug|x86
		{B41C21D4-8ECB-4D42-91ED-3F50434D6E8C}.Debug|Any CPU.Build.0 = Debug|x86
		{B41C21D4-8ECB-4D42-91ED-3F50434D6E8C}.Debug|Any CPU.Deploy.0 = Debug|x86
		{B41C21D4-8ECB-4D42-91ED-3F50434D6E8C}.Debug|ARM.ActiveCfg = Debug|ARM
		{B41C21D4-8ECB-4D42-91ED-3F50434D6E8C}.Debug|ARM.Build.0 = Debug|ARM
		{B41C21D4-8ECB-4D42-91ED-3F50434D6E8C}.Debug|ARM.Deploy.0 = Debug|ARM
		{B41C21D4-8ECB-4D42-91ED-3F50434D6E8C}.Debug|iPhone.ActiveCfg = Debug|x86
		{B41C21D4-8ECB-4D42-91ED-3F50434D6E8C}.Debug|iPhone.Build.0 = Debug|x86
		{B41C21D4-8ECB-4D42-91ED-3F50434D6E8C}.Debug|iPhone.Deploy.0 = Debug|x86
		{B41C21D4-8ECB-4D42-91ED-3F50434D6E8C}.Debug|iPhoneSimulator.ActiveCfg = Debug|x86
		{B41C21D4-8ECB-4D42-91ED-3F50434D6E8C}.Debug|iPhoneSimulator.Build.0 = Debug|x86
		{B41C21D4-8ECB-4D42-91ED-3F50434D6E8C}.Debug|iPhoneSimulator.Deploy.0 = Debug|x86
		{B41C21D4-8ECB-4D42-91ED-3F50434D6E8C}.Debug|x64.ActiveCfg = Debug|x64
		{B41C21D4-8ECB-4D42-91ED-3F50434D6E8C}.Debug|x64.Build.0 = Debug|x64
		{B41C21D4-8ECB-4D42-91ED-3F50434D6E8C}.Debug|x64.Deploy.0 = Debug|x64
		{B41C21D4-8ECB-4D42-91ED-3F50434D6E8C}.Debug|x86.ActiveCfg = Debug|x86
		{B41C21D4-8ECB-4D42-91ED-3F50434D6E8C}.Debug|x86.Build.0 = Debug|x86
		{B41C21D4-8ECB-4D42-91ED-3F50434D6E8C}.Debug|x86.Deploy.0 = Debug|x86
		{B41C21D4-8ECB-4D42-91ED-3F50434D6E8C}.Release|Any CPU.ActiveCfg = Release|x86
		{B41C21D4-8ECB-4D42-91ED-3F50434D6E8C}.Release|Any CPU.Build.0 = Release|x86
		{B41C21D4-8ECB-4D42-91ED-3F50434D6E8C}.Release|Any CPU.Deploy.0 = Release|x86
		{B41C21D4-8ECB-4D42-91ED-3F50434D6E8C}.Release|ARM.ActiveCfg = Release|ARM
		{B41C21D4-8ECB-4D42-91ED-3F50434D6E8C}.Release|ARM.Build.0 = Release|ARM
		{B41C21D4-8ECB-4D42-91ED-3F50434D6E8C}.Release|ARM.Deploy.0 = Release|ARM
		{B41C21D4-8ECB-4D42-91ED-3F50434D6E8C}.Release|iPhone.ActiveCfg = Release|x86
		{B41C21D4-8ECB-4D42-91ED-3F50434D6E8C}.Release|iPhone.Build.0 = Release|x86
		{B41C21D4-8ECB-4D42-91ED-3F50434D6E8C}.Release|iPhone.Deploy.0 = Release|x86
		{B41C21D4-8ECB-4D42-91ED-3F50434D6E8C}.Release|iPhoneSimulator.ActiveCfg = Release|x86
		{B41C21D4-8ECB-4D42-91ED-3F50434D6E8C}.Release|iPhoneSimulator.Build.0 = Release|x86
		{B41C21D4-8ECB-4D42-91ED-3F50434D6E8C}.Release|iPhoneSimulator.Deploy.0 = Release|x86
		{B41C21D4-8ECB-4D42-91ED-3F50434D6E8C}.Release|x64.ActiveCfg = Release|x64
		{B41C21D4-8ECB-4D42-91ED-3F50434D6E8C}.Release|x64.Build.0 = Release|x64
		{B41C21D4-8ECB-4D42-91ED-3F50434D6E8C}.Release|x64.Deploy.0 = Release|x64
		{B41C21D4-8ECB-4D42-91ED-3F50434D6E8C}.Release|x86.ActiveCfg = Release|x86
		{B41C21D4-8ECB-4D42-91ED-3F50434D6E8C}.Release|x86.Build.0 = Release|x86
		{B41C21D4-8ECB-4D42-91ED-3F50434D6E8C}.Release|x86.Deploy.0 = Release|x86
		{E17119C5-1954-4602-88F7-49763B286985}.Debug|Any CPU.ActiveCfg = Debug|Any CPU
		{E17119C5-1954-4602-88F7-49763B286985}.Debug|Any CPU.Build.0 = Debug|Any CPU
		{E17119C5-1954-4602-88F7-49763B286985}.Debug|Any CPU.Deploy.0 = Debug|Any CPU
		{E17119C5-1954-4602-88F7-49763B286985}.Debug|ARM.ActiveCfg = Debug|Any CPU
		{E17119C5-1954-4602-88F7-49763B286985}.Debug|ARM.Build.0 = Debug|Any CPU
		{E17119C5-1954-4602-88F7-49763B286985}.Debug|ARM.Deploy.0 = Debug|Any CPU
		{E17119C5-1954-4602-88F7-49763B286985}.Debug|iPhone.ActiveCfg = Debug|Any CPU
		{E17119C5-1954-4602-88F7-49763B286985}.Debug|iPhone.Build.0 = Debug|Any CPU
		{E17119C5-1954-4602-88F7-49763B286985}.Debug|iPhone.Deploy.0 = Debug|Any CPU
		{E17119C5-1954-4602-88F7-49763B286985}.Debug|iPhoneSimulator.ActiveCfg = Debug|Any CPU
		{E17119C5-1954-4602-88F7-49763B286985}.Debug|iPhoneSimulator.Build.0 = Debug|Any CPU
		{E17119C5-1954-4602-88F7-49763B286985}.Debug|iPhoneSimulator.Deploy.0 = Debug|Any CPU
		{E17119C5-1954-4602-88F7-49763B286985}.Debug|x64.ActiveCfg = Debug|Any CPU
		{E17119C5-1954-4602-88F7-49763B286985}.Debug|x64.Build.0 = Debug|Any CPU
		{E17119C5-1954-4602-88F7-49763B286985}.Debug|x64.Deploy.0 = Debug|Any CPU
		{E17119C5-1954-4602-88F7-49763B286985}.Debug|x86.ActiveCfg = Debug|Any CPU
		{E17119C5-1954-4602-88F7-49763B286985}.Debug|x86.Build.0 = Debug|Any CPU
		{E17119C5-1954-4602-88F7-49763B286985}.Debug|x86.Deploy.0 = Debug|Any CPU
		{E17119C5-1954-4602-88F7-49763B286985}.Release|Any CPU.ActiveCfg = Release|Any CPU
		{E17119C5-1954-4602-88F7-49763B286985}.Release|Any CPU.Build.0 = Release|Any CPU
		{E17119C5-1954-4602-88F7-49763B286985}.Release|Any CPU.Deploy.0 = Release|Any CPU
		{E17119C5-1954-4602-88F7-49763B286985}.Release|ARM.ActiveCfg = Release|Any CPU
		{E17119C5-1954-4602-88F7-49763B286985}.Release|ARM.Build.0 = Release|Any CPU
		{E17119C5-1954-4602-88F7-49763B286985}.Release|ARM.Deploy.0 = Release|Any CPU
		{E17119C5-1954-4602-88F7-49763B286985}.Release|iPhone.ActiveCfg = Release|Any CPU
		{E17119C5-1954-4602-88F7-49763B286985}.Release|iPhone.Build.0 = Release|Any CPU
		{E17119C5-1954-4602-88F7-49763B286985}.Release|iPhone.Deploy.0 = Release|Any CPU
		{E17119C5-1954-4602-88F7-49763B286985}.Release|iPhoneSimulator.ActiveCfg = Release|Any CPU
		{E17119C5-1954-4602-88F7-49763B286985}.Release|iPhoneSimulator.Build.0 = Release|Any CPU
		{E17119C5-1954-4602-88F7-49763B286985}.Release|iPhoneSimulator.Deploy.0 = Release|Any CPU
		{E17119C5-1954-4602-88F7-49763B286985}.Release|x64.ActiveCfg = Release|Any CPU
		{E17119C5-1954-4602-88F7-49763B286985}.Release|x64.Build.0 = Release|Any CPU
		{E17119C5-1954-4602-88F7-49763B286985}.Release|x64.Deploy.0 = Release|Any CPU
		{E17119C5-1954-4602-88F7-49763B286985}.Release|x86.ActiveCfg = Release|Any CPU
		{E17119C5-1954-4602-88F7-49763B286985}.Release|x86.Build.0 = Release|Any CPU
		{E17119C5-1954-4602-88F7-49763B286985}.Release|x86.Deploy.0 = Release|Any CPU
		{07990F1F-A7E7-4528-8528-9E26AAA777E0}.Debug|Any CPU.ActiveCfg = Debug|iPhone
		{07990F1F-A7E7-4528-8528-9E26AAA777E0}.Debug|Any CPU.Build.0 = Debug|iPhone
		{07990F1F-A7E7-4528-8528-9E26AAA777E0}.Debug|Any CPU.Deploy.0 = Debug|iPhone
		{07990F1F-A7E7-4528-8528-9E26AAA777E0}.Debug|ARM.ActiveCfg = Debug|iPhone
		{07990F1F-A7E7-4528-8528-9E26AAA777E0}.Debug|ARM.Build.0 = Debug|iPhone
		{07990F1F-A7E7-4528-8528-9E26AAA777E0}.Debug|ARM.Deploy.0 = Debug|iPhone
		{07990F1F-A7E7-4528-8528-9E26AAA777E0}.Debug|iPhone.ActiveCfg = Debug|iPhone
		{07990F1F-A7E7-4528-8528-9E26AAA777E0}.Debug|iPhone.Build.0 = Debug|iPhone
		{07990F1F-A7E7-4528-8528-9E26AAA777E0}.Debug|iPhone.Deploy.0 = Debug|iPhone
		{07990F1F-A7E7-4528-8528-9E26AAA777E0}.Debug|iPhoneSimulator.ActiveCfg = Debug|iPhoneSimulator
		{07990F1F-A7E7-4528-8528-9E26AAA777E0}.Debug|iPhoneSimulator.Build.0 = Debug|iPhoneSimulator
		{07990F1F-A7E7-4528-8528-9E26AAA777E0}.Debug|iPhoneSimulator.Deploy.0 = Debug|iPhoneSimulator
		{07990F1F-A7E7-4528-8528-9E26AAA777E0}.Debug|x64.ActiveCfg = Debug|iPhone
		{07990F1F-A7E7-4528-8528-9E26AAA777E0}.Debug|x64.Build.0 = Debug|iPhone
		{07990F1F-A7E7-4528-8528-9E26AAA777E0}.Debug|x64.Deploy.0 = Debug|iPhone
		{07990F1F-A7E7-4528-8528-9E26AAA777E0}.Debug|x86.ActiveCfg = Debug|iPhone
		{07990F1F-A7E7-4528-8528-9E26AAA777E0}.Debug|x86.Build.0 = Debug|iPhone
		{07990F1F-A7E7-4528-8528-9E26AAA777E0}.Debug|x86.Deploy.0 = Debug|iPhone
		{07990F1F-A7E7-4528-8528-9E26AAA777E0}.Release|Any CPU.ActiveCfg = Release|iPhone
		{07990F1F-A7E7-4528-8528-9E26AAA777E0}.Release|Any CPU.Build.0 = Release|iPhone
		{07990F1F-A7E7-4528-8528-9E26AAA777E0}.Release|Any CPU.Deploy.0 = Release|iPhone
		{07990F1F-A7E7-4528-8528-9E26AAA777E0}.Release|ARM.ActiveCfg = Release|iPhone
		{07990F1F-A7E7-4528-8528-9E26AAA777E0}.Release|ARM.Build.0 = Release|iPhone
		{07990F1F-A7E7-4528-8528-9E26AAA777E0}.Release|ARM.Deploy.0 = Release|iPhone
		{07990F1F-A7E7-4528-8528-9E26AAA777E0}.Release|iPhone.ActiveCfg = Release|iPhone
		{07990F1F-A7E7-4528-8528-9E26AAA777E0}.Release|iPhone.Build.0 = Release|iPhone
		{07990F1F-A7E7-4528-8528-9E26AAA777E0}.Release|iPhone.Deploy.0 = Release|iPhone
		{07990F1F-A7E7-4528-8528-9E26AAA777E0}.Release|iPhoneSimulator.ActiveCfg = Release|iPhoneSimulator
		{07990F1F-A7E7-4528-8528-9E26AAA777E0}.Release|iPhoneSimulator.Build.0 = Release|iPhoneSimulator
		{07990F1F-A7E7-4528-8528-9E26AAA777E0}.Release|iPhoneSimulator.Deploy.0 = Release|iPhoneSimulator
		{07990F1F-A7E7-4528-8528-9E26AAA777E0}.Release|x64.ActiveCfg = Release|iPhone
		{07990F1F-A7E7-4528-8528-9E26AAA777E0}.Release|x64.Build.0 = Release|iPhone
		{07990F1F-A7E7-4528-8528-9E26AAA777E0}.Release|x64.Deploy.0 = Release|iPhone
		{07990F1F-A7E7-4528-8528-9E26AAA777E0}.Release|x86.ActiveCfg = Release|iPhone
		{07990F1F-A7E7-4528-8528-9E26AAA777E0}.Release|x86.Build.0 = Release|iPhone
		{07990F1F-A7E7-4528-8528-9E26AAA777E0}.Release|x86.Deploy.0 = Release|iPhone
		{D7FFB169-3A26-4C9C-B9E3-1F9DDD569DC6}.Debug|Any CPU.ActiveCfg = Debug|Any CPU
		{D7FFB169-3A26-4C9C-B9E3-1F9DDD569DC6}.Debug|Any CPU.Build.0 = Debug|Any CPU
		{D7FFB169-3A26-4C9C-B9E3-1F9DDD569DC6}.Debug|Any CPU.Deploy.0 = Debug|Any CPU
		{D7FFB169-3A26-4C9C-B9E3-1F9DDD569DC6}.Debug|ARM.ActiveCfg = Debug|Any CPU
		{D7FFB169-3A26-4C9C-B9E3-1F9DDD569DC6}.Debug|ARM.Build.0 = Debug|Any CPU
		{D7FFB169-3A26-4C9C-B9E3-1F9DDD569DC6}.Debug|ARM.Deploy.0 = Debug|Any CPU
		{D7FFB169-3A26-4C9C-B9E3-1F9DDD569DC6}.Debug|iPhone.ActiveCfg = Debug|Any CPU
		{D7FFB169-3A26-4C9C-B9E3-1F9DDD569DC6}.Debug|iPhone.Build.0 = Debug|Any CPU
		{D7FFB169-3A26-4C9C-B9E3-1F9DDD569DC6}.Debug|iPhone.Deploy.0 = Debug|Any CPU
		{D7FFB169-3A26-4C9C-B9E3-1F9DDD569DC6}.Debug|iPhoneSimulator.ActiveCfg = Debug|Any CPU
		{D7FFB169-3A26-4C9C-B9E3-1F9DDD569DC6}.Debug|iPhoneSimulator.Build.0 = Debug|Any CPU
		{D7FFB169-3A26-4C9C-B9E3-1F9DDD569DC6}.Debug|iPhoneSimulator.Deploy.0 = Debug|Any CPU
		{D7FFB169-3A26-4C9C-B9E3-1F9DDD569DC6}.Debug|x64.ActiveCfg = Debug|Any CPU
		{D7FFB169-3A26-4C9C-B9E3-1F9DDD569DC6}.Debug|x64.Build.0 = Debug|Any CPU
		{D7FFB169-3A26-4C9C-B9E3-1F9DDD569DC6}.Debug|x64.Deploy.0 = Debug|Any CPU
		{D7FFB169-3A26-4C9C-B9E3-1F9DDD569DC6}.Debug|x86.ActiveCfg = Debug|Any CPU
		{D7FFB169-3A26-4C9C-B9E3-1F9DDD569DC6}.Debug|x86.Build.0 = Debug|Any CPU
		{D7FFB169-3A26-4C9C-B9E3-1F9DDD569DC6}.Debug|x86.Deploy.0 = Debug|Any CPU
		{D7FFB169-3A26-4C9C-B9E3-1F9DDD569DC6}.Release|Any CPU.ActiveCfg = Release|Any CPU
		{D7FFB169-3A26-4C9C-B9E3-1F9DDD569DC6}.Release|Any CPU.Build.0 = Release|Any CPU
		{D7FFB169-3A26-4C9C-B9E3-1F9DDD569DC6}.Release|Any CPU.Deploy.0 = Release|Any CPU
		{D7FFB169-3A26-4C9C-B9E3-1F9DDD569DC6}.Release|ARM.ActiveCfg = Release|Any CPU
		{D7FFB169-3A26-4C9C-B9E3-1F9DDD569DC6}.Release|ARM.Build.0 = Release|Any CPU
		{D7FFB169-3A26-4C9C-B9E3-1F9DDD569DC6}.Release|ARM.Deploy.0 = Release|Any CPU
		{D7FFB169-3A26-4C9C-B9E3-1F9DDD569DC6}.Release|iPhone.ActiveCfg = Release|Any CPU
		{D7FFB169-3A26-4C9C-B9E3-1F9DDD569DC6}.Release|iPhone.Build.0 = Release|Any CPU
		{D7FFB169-3A26-4C9C-B9E3-1F9DDD569DC6}.Release|iPhone.Deploy.0 = Release|Any CPU
		{D7FFB169-3A26-4C9C-B9E3-1F9DDD569DC6}.Release|iPhoneSimulator.ActiveCfg = Release|Any CPU
		{D7FFB169-3A26-4C9C-B9E3-1F9DDD569DC6}.Release|iPhoneSimulator.Build.0 = Release|Any CPU
		{D7FFB169-3A26-4C9C-B9E3-1F9DDD569DC6}.Release|iPhoneSimulator.Deploy.0 = Release|Any CPU
		{D7FFB169-3A26-4C9C-B9E3-1F9DDD569DC6}.Release|x64.ActiveCfg = Release|Any CPU
		{D7FFB169-3A26-4C9C-B9E3-1F9DDD569DC6}.Release|x64.Build.0 = Release|Any CPU
		{D7FFB169-3A26-4C9C-B9E3-1F9DDD569DC6}.Release|x64.Deploy.0 = Release|Any CPU
		{D7FFB169-3A26-4C9C-B9E3-1F9DDD569DC6}.Release|x86.ActiveCfg = Release|Any CPU
		{D7FFB169-3A26-4C9C-B9E3-1F9DDD569DC6}.Release|x86.Build.0 = Release|Any CPU
		{D7FFB169-3A26-4C9C-B9E3-1F9DDD569DC6}.Release|x86.Deploy.0 = Release|Any CPU
	EndGlobalSection
	GlobalSection(SolutionProperties) = preSolution
		HideSolutionNode = FALSE
	EndGlobalSection
	GlobalSection(ExtensibilityGlobals) = postSolution
		SolutionGuid = {57D1F68E-70A6-471C-8444-A0434856356F}
	EndGlobalSection
EndGlobal
